
Microsoft Visual Studio Solution File, Format Version 12.00
# Visual Studio 15
VisualStudioVersion = 15.0.28010.2046
MinimumVisualStudioVersion = 10.0.40219.1
Project("{8BC9CEB8-8B4A-11D0-8D11-00A0C91BC942}") = "gui", "gui\gui.vcxproj", "{8FDAC9BF-7B5F-448B-93FA-17BF52C0E9C1}"
EndProject
Global
	GlobalSection(SolutionConfigurationPlatforms) = preSolution
		Debug|x64 = Debug|x64
		Debug|x86 = Debug|x86
		Release|x64 = Release|x64
		Release|x86 = Release|x86
	EndGlobalSection
	GlobalSection(ProjectConfigurationPlatforms) = postSolution
		{8FDAC9BF-7B5F-448B-93FA-17BF52C0E9C1}.Debug|x64.ActiveCfg = Debug|x64
		{8FDAC9BF-7B5F-448B-93FA-17BF52C0E9C1}.Debug|x64.Build.0 = Debug|x64
		{8FDAC9BF-7B5F-448B-93FA-17BF52C0E9C1}.Debug|x86.ActiveCfg = Debug|Win32
		{8FDAC9BF-7B5F-448B-93FA-17BF52C0E9C1}.Debug|x86.Build.0 = Debug|Win32
		{8FDAC9BF-7B5F-448B-93FA-17BF52C0E9C1}.Release|x64.ActiveCfg = Release|x64
		{8FDAC9BF-7B5F-448B-93FA-17BF52C0E9C1}.Release|x64.Build.0 = Release|x64
		{8FDAC9BF-7B5F-448B-93FA-17BF52C0E9C1}.Release|x86.ActiveCfg = Release|Win32
		{8FDAC9BF-7B5F-448B-93FA-17BF52C0E9C1}.Release|x86.Build.0 = Release|Win32
	EndGlobalSection
	GlobalSection(SolutionProperties) = preSolution
		HideSolutionNode = FALSE
	EndGlobalSection
	GlobalSection(ExtensibilityGlobals) = postSolution
		SolutionGuid = {3A890845-4AB6-49A4-A512-31AEC0A49F98}
	EndGlobalSection
EndGlobal
