<?xml version="1.0" encoding="utf-8"?>
<Project ToolsVersion="4.0" xmlns="http://schemas.microsoft.com/developer/msbuild/2003">
  <ItemGroup>
    <Filter Include="Features" />
    <Filter Include="UI" />
    <Filter Include="Data" />
  </ItemGroup>
  <ItemGroup>
    <ClCompile Include="MyForm.AimPage.cpp"><Filter>UI</Filter></ClCompile>
    <ClCompile Include="MyForm.cpp"><Filter>UI</Filter></ClCompile>
    <ClCompile Include="MyForm.Events.cpp"><Filter>UI</Filter></ClCompile>
    <ClCompile Include="MyForm.Layout.cpp"><Filter>UI</Filter></ClCompile>
    <ClCompile Include="MyForm.MiscPage.cpp"><Filter>UI</Filter></ClCompile>
    <ClCompile Include="MyForm.Runtime.cpp"><Filter>UI</Filter></ClCompile>
    <ClCompile Include="MyForm.SkinsPage.cpp"><Filter>UI</Filter></ClCompile>
    <ClCompile Include="MyForm.VisualPage.cpp"><Filter>UI</Filter></ClCompile>
    <ClCompile Include="Offsets.cpp"><Filter>Data</Filter></ClCompile>
    <ClCompile Include="SkinId.cpp"><Filter>Data</Filter></ClCompile>
    <ClCompile Include="Theme.cpp"><Filter>UI</Filter></ClCompile>
    <ClCompile Include="UiSettings.cpp"><Filter>Data</Filter></ClCompile>
    <ClInclude Include="Header.h"><Filter>Data</Filter></ClInclude>
    <ClInclude Include="ItemDefinition.h"><Filter>Data</Filter></ClInclude>
    <ClInclude Include="MyForm.h"><Filter>UI</Filter></ClInclude>
    <ClInclude Include="Offsets.h"><Filter>Data</Filter></ClInclude>
    <ClInclude Include="SkinId.h"><Filter>Data</Filter></ClInclude>
    <ClInclude Include="Theme.h"><Filter>UI</Filter></ClInclude>
    <ClInclude Include="Trainer.h"><Filter>Data</Filter></ClInclude>
    <ClInclude Include="UiSettings.h"><Filter>Data</Filter></ClInclude>
    <ClCompile Include="features\Aim.cpp"><Filter>Features</Filter></ClCompile>
    <ClInclude Include="features\Aim.h"><Filter>Features</Filter></ClInclude>
    <ClCompile Include="features\Glow.cpp"><Filter>Features</Filter></ClCompile>
    <ClInclude Include="features\Glow.h"><Filter>Features</Filter></ClInclude>
    <ClCompile Include="features\OffsetScanner.cpp"><Filter>Features</Filter></ClCompile>
    <ClCompile Include="features\Overlay.cpp"><Filter>Features</Filter></ClCompile>
    <ClInclude Include="features\Overlay.h"><Filter>Features</Filter></ClInclude>
    <ClCompile Include="features\ProcessMemory.cpp"><Filter>Features</Filter></ClCompile>
    <ClInclude Include="features\ProcessMemory.h"><Filter>Features</Filter></ClInclude>
    <ClCompile Include="features\Skins.cpp"><Filter>Features</Filter></ClCompile>
    <ClInclude Include="features\SkinSettings.h"><Filter>Features</Filter></ClInclude>
    <ClInclude Include="features\TrainerFunctions.h"><Filter>Features</Filter></ClInclude>
    <ClCompile Include="features\Utilities.cpp"><Filter>Features</Filter></ClCompile>
    <ClInclude Include="features\VisualTypes.h"><Filter>Features</Filter></ClInclude>
  </ItemGroup>
</Project>
